
Microsoft Visual Studio Solution File, Format Version 12.00
# Visual Studio Version 17
VisualStudioVersion = 17.6.33815.320
MinimumVisualStudioVersion = 10.0.40219.1
Project("{FAE04EC0-301F-11D3-BF4B-00C04F79EFBC}") = "lesson2", "lesson2.csproj", "{D5606FCB-3D41-4488-B829-932DCB3B9C51}"
EndProject
Global
	GlobalSection(SolutionConfigurationPlatforms) = preSolution
		Debug|Any CPU = Debug|Any CPU
		Release|Any CPU = Release|Any CPU
	EndGlobalSection
	GlobalSection(ProjectConfigurationPlatforms) = postSolution
		{D5606FCB-3D41-4488-B829-932DCB3B9C51}.Debug|Any CPU.ActiveCfg = Debug|Any CPU
		{D5606FCB-3D41-4488-B829-932DCB3B9C51}.Debug|Any CPU.Build.0 = Debug|Any CPU
		{D5606FCB-3D41-4488-B829-932DCB3B9C51}.Release|Any CPU.ActiveCfg = Release|Any CPU
		{D5606FCB-3D41-4488-B829-932DCB3B9C51}.Release|Any CPU.Build.0 = Release|Any CPU
	EndGlobalSection
	GlobalSection(SolutionProperties) = preSolution
		HideSolutionNode = FALSE
	EndGlobalSection
	GlobalSection(ExtensibilityGlobals) = postSolution
		SolutionGuid = {B1F3AF36-1616-4ADA-BB79-C26F5397B934}
	EndGlobalSection
EndGlobal
